
Microsoft Visual Studio Solution File, Format Version 12.00
# Visual Studio Version 17
VisualStudioVersion = 17.6.33829.357
MinimumVisualStudioVersion = 10.0.40219.1
Project("{8BC9CEB8-8B4A-11D0-8D11-00A0C91BC942}") = "systemSolaire", "systemSolaire.vcxproj", "{92C23947-E117-4532-97BC-0CA628315DD5}"
EndProject
Global
	GlobalSection(SolutionConfigurationPlatforms) = preSolution
		Debug|x64 = Debug|x64
		Release|x64 = Release|x64
	EndGlobalSection
	GlobalSection(ProjectConfigurationPlatforms) = postSolution
		{92C23947-E117-4532-97BC-0CA628315DD5}.Debug|x64.ActiveCfg = Debug|x64
		{92C23947-E117-4532-97BC-0CA628315DD5}.Debug|x64.Build.0 = Debug|x64
		{92C23947-E117-4532-97BC-0CA628315DD5}.Release|x64.ActiveCfg = Release|x64
		{92C23947-E117-4532-97BC-0CA628315DD5}.Release|x64.Build.0 = Release|x64
	EndGlobalSection
	GlobalSection(SolutionProperties) = preSolution
		HideSolutionNode = FALSE
	EndGlobalSection
	GlobalSection(ExtensibilityGlobals) = postSolution
		SolutionGuid = {7B56387A-2082-4877-A13E-105F0E7313A6}
	EndGlobalSection
EndGlobal
